# THIS IS AN AUTOGENERATED FILE. DO NOT EDIT THIS FILE DIRECTLY.
# yarn lockfile v1


"@polymer/lit-element@^0.1.0":
  version "0.1.0"
  resolved "https://registry.yarnpkg.com/@polymer/lit-element/-/lit-element-0.1.0.tgz#e0a8ba8906fe8ca51f7f7ea39d47059f074c63a6"
  dependencies:
    "@polymer/polymer" "^3.0.0-pre.4"
    lit-html "^0.8.0"

"@polymer/polymer@^3.0.0-pre.4", "@polymer/polymer@^3.0.0-pre.7":
  version "3.0.0-pre.7"
  resolved "https://registry.yarnpkg.com/@polymer/polymer/-/polymer-3.0.0-pre.7.tgz#c1e9720e47fae91d5e79f40064c12c97df19935f"
  dependencies:
    "@webcomponents/shadycss" "^1.0.0"
    "@webcomponents/webcomponentsjs" "^1.0.0"

"@webcomponents/shadycss@^1.0.0":
  version "1.1.1"
  resolved "https://registry.yarnpkg.com/@webcomponents/shadycss/-/shadycss-1.1.1.tgz#abc821961c99a2b1c5e0f225cd01b139899ebc4c"

"@webcomponents/webcomponentsjs@^1.0.0":
  version "1.1.0"
  resolved "https://registry.yarnpkg.com/@webcomponents/webcomponentsjs/-/webcomponentsjs-1.1.0.tgz#1392799c266fca142622a720176f688beb74d181"

lit-html@^0.8.0:
  version "0.8.0"
  resolved "https://registry.yarnpkg.com/lit-html/-/lit-html-0.8.0.tgz#4de0d1899585a3685870ffb919fedd61ebc79f03"

lit-html@^0.9.0:
  version "0.9.0"
  resolved "https://registry.yarnpkg.com/lit-html/-/lit-html-0.9.0.tgz#a445ecbb3da7d8b17690e6ade6c872c89385092a"
